
Microsoft Visual Studio Solution File, Format Version 12.00
# Visual Studio 15
VisualStudioVersion = 15.0.26720.2
MinimumVisualStudioVersion = 10.0.40219.1
Project("{D954291E-2A0B-460D-934E-DC6B0785DB48}") = "Moments", "Moments\Moments\Moments.shproj", "{1D7E1744-7224-46DA-96F5-F5A3D67CFD6F}"
EndProject
Project("{FAE04EC0-301F-11D3-BF4B-00C04F79EFBC}") = "Moments.Android", "Moments\Moments.Android\Moments.Android.csproj", "{8B60F6E0-F23C-4474-B6E0-68124272D71D}"
EndProject
Project("{FAE04EC0-301F-11D3-BF4B-00C04F79EFBC}") = "Moments.iOS", "Moments\Moments.iOS\Moments.iOS.csproj", "{911A5F8E-B4F1-4C17-B0CB-607E86CA6521}"
EndProject
Project("{FAE04EC0-301F-11D3-BF4B-00C04F79EFBC}") = "Moments.UWP", "Moments\Moments.UWP\Moments.UWP.csproj", "{8F2B2F59-205C-4C27-A8ED-ACBB4CCA6F50}"
EndProject
Global
	GlobalSection(SharedMSBuildProjectFiles) = preSolution
		Moments\Moments\Moments.projitems*{1d7e1744-7224-46da-96f5-f5a3d67cfd6f}*SharedItemsImports = 13
		Moments\Moments\Moments.projitems*{8b60f6e0-f23c-4474-b6e0-68124272d71d}*SharedItemsImports = 4
		Moments\Moments\Moments.projitems*{911a5f8e-b4f1-4c17-b0cb-607e86ca6521}*SharedItemsImports = 4
	EndGlobalSection
	GlobalSection(SolutionConfigurationPlatforms) = preSolution
		Ad-Hoc|Any CPU = Ad-Hoc|Any CPU
		Ad-Hoc|ARM = Ad-Hoc|ARM
		Ad-Hoc|iPhone = Ad-Hoc|iPhone
		Ad-Hoc|iPhoneSimulator = Ad-Hoc|iPhoneSimulator
		Ad-Hoc|x64 = Ad-Hoc|x64
		Ad-Hoc|x86 = Ad-Hoc|x86
		AppStore|Any CPU = AppStore|Any CPU
		AppStore|ARM = AppStore|ARM
		AppStore|iPhone = AppStore|iPhone
		AppStore|iPhoneSimulator = AppStore|iPhoneSimulator
		AppStore|x64 = AppStore|x64
		AppStore|x86 = AppStore|x86
		Debug|Any CPU = Debug|Any CPU
		Debug|ARM = Debug|ARM
		Debug|iPhone = Debug|iPhone
		Debug|iPhoneSimulator = Debug|iPhoneSimulator
		Debug|x64 = Debug|x64
		Debug|x86 = Debug|x86
		Release|Any CPU = Release|Any CPU
		Release|ARM = Release|ARM
		Release|iPhone = Release|iPhone
		Release|iPhoneSimulator = Release|iPhoneSimulator
		Release|x64 = Release|x64
		Release|x86 = Release|x86
	EndGlobalSection
	GlobalSection(ProjectConfigurationPlatforms) = postSolution
		{8B60F6E0-F23C-4474-B6E0-68124272D71D}.Ad-Hoc|Any CPU.ActiveCfg = Release|Any CPU
		{8B60F6E0-F23C-4474-B6E0-68124272D71D}.Ad-Hoc|Any CPU.Build.0 = Release|Any CPU
		{8B60F6E0-F23C-4474-B6E0-68124272D71D}.Ad-Hoc|Any CPU.Deploy.0 = Release|Any CPU
		{8B60F6E0-F23C-4474-B6E0-68124272D71D}.Ad-Hoc|ARM.ActiveCfg = Release|Any CPU
		{8B60F6E0-F23C-4474-B6E0-68124272D71D}.Ad-Hoc|ARM.Build.0 = Release|Any CPU
		{8B60F6E0-F23C-4474-B6E0-68124272D71D}.Ad-Hoc|ARM.Deploy.0 = Release|Any CPU
		{8B60F6E0-F23C-4474-B6E0-68124272D71D}.Ad-Hoc|iPhone.ActiveCfg = Release|Any CPU
		{8B60F6E0-F23C-4474-B6E0-68124272D71D}.Ad-Hoc|iPhone.Build.0 = Release|Any CPU
		{8B60F6E0-F23C-4474-B6E0-68124272D71D}.Ad-Hoc|iPhone.Deploy.0 = Release|Any CPU
		{8B60F6E0-F23C-4474-B6E0-68124272D71D}.Ad-Hoc|iPhoneSimulator.ActiveCfg = Release|Any CPU
		{8B60F6E0-F23C-4474-B6E0-68124272D71D}.Ad-Hoc|iPhoneSimulator.Build.0 = Release|Any CPU
		{8B60F6E0-F23C-4474-B6E0-68124272D71D}.Ad-Hoc|iPhoneSimulator.Deploy.0 = Release|Any CPU
		{8B60F6E0-F23C-4474-B6E0-68124272D71D}.Ad-Hoc|x64.ActiveCfg = Release|Any CPU
		{8B60F6E0-F23C-4474-B6E0-68124272D71D}.Ad-Hoc|x64.Build.0 = Release|Any CPU
		{8B60F6E0-F23C-4474-B6E0-68124272D71D}.Ad-Hoc|x64.Deploy.0 = Release|Any CPU
		{8B60F6E0-F23C-4474-B6E0-68124272D71D}.Ad-Hoc|x86.ActiveCfg = Release|Any CPU
		{8B60F6E0-F23C-4474-B6E0-68124272D71D}.Ad-Hoc|x86.Build.0 = Release|Any CPU
		{8B60F6E0-F23C-4474-B6E0-68124272D71D}.Ad-Hoc|x86.Deploy.0 = Release|Any CPU
		{8B60F6E0-F23C-4474-B6E0-68124272D71D}.AppStore|Any CPU.ActiveCfg = Release|Any CPU
		{8B60F6E0-F23C-4474-B6E0-68124272D71D}.AppStore|Any CPU.Build.0 = Release|Any CPU
		{8B60F6E0-F23C-4474-B6E0-68124272D71D}.AppStore|Any CPU.Deploy.0 = Release|Any CPU
		{8B60F6E0-F23C-4474-B6E0-68124272D71D}.AppStore|ARM.ActiveCfg = Release|Any CPU
		{8B60F6E0-F23C-4474-B6E0-68124272D71D}.AppStore|ARM.Build.0 = Release|Any CPU
		{8B60F6E0-F23C-4474-B6E0-68124272D71D}.AppStore|ARM.Deploy.0 = Release|Any CPU
		{8B60F6E0-F23C-4474-B6E0-68124272D71D}.AppStore|iPhone.ActiveCfg = Release|Any CPU
		{8B60F6E0-F23C-4474-B6E0-68124272D71D}.AppStore|iPhone.Build.0 = Release|Any CPU
		{8B60F6E0-F23C-4474-B6E0-68124272D71D}.AppStore|iPhone.Deploy.0 = Release|Any CPU
		{8B60F6E0-F23C-4474-B6E0-68124272D71D}.AppStore|iPhoneSimulator.ActiveCfg = Release|Any CPU
		{8B60F6E0-F23C-4474-B6E0-68124272D71D}.AppStore|iPhoneSimulator.Build.0 = Release|Any CPU
		{8B60F6E0-F23C-4474-B6E0-68124272D71D}.AppStore|iPhoneSimulator.Deploy.0 = Release|Any CPU
		{8B60F6E0-F23C-4474-B6E0-68124272D71D}.AppStore|x64.ActiveCfg = Release|Any CPU
		{8B60F6E0-F23C-4474-B6E0-68124272D71D}.AppStore|x64.Build.0 = Release|Any CPU
		{8B60F6E0-F23C-4474-B6E0-68124272D71D}.AppStore|x64.Deploy.0 = Release|Any CPU
		{8B60F6E0-F23C-4474-B6E0-68124272D71D}.AppStore|x86.ActiveCfg = Release|Any CPU
		{8B60F6E0-F23C-4474-B6E0-68124272D71D}.AppStore|x86.Build.0 = Release|Any CPU
		{8B60F6E0-F23C-4474-B6E0-68124272D71D}.AppStore|x86.Deploy.0 = Release|Any CPU
		{8B60F6E0-F23C-4474-B6E0-68124272D71D}.Debug|Any CPU.ActiveCfg = Debug|Any CPU
		{8B60F6E0-F23C-4474-B6E0-68124272D71D}.Debug|Any CPU.Build.0 = Debug|Any CPU
		{8B60F6E0-F23C-4474-B6E0-68124272D71D}.Debug|Any CPU.Deploy.0 = Debug|Any CPU
		{8B60F6E0-F23C-4474-B6E0-68124272D71D}.Debug|ARM.ActiveCfg = Debug|Any CPU
		{8B60F6E0-F23C-4474-B6E0-68124272D71D}.Debug|ARM.Build.0 = Debug|Any CPU
		{8B60F6E0-F23C-4474-B6E0-68124272D71D}.Debug|ARM.Deploy.0 = Debug|Any CPU
		{8B60F6E0-F23C-4474-B6E0-68124272D71D}.Debug|iPhone.ActiveCfg = Debug|Any CPU
		{8B60F6E0-F23C-4474-B6E0-68124272D71D}.Debug|iPhone.Build.0 = Debug|Any CPU
		{8B60F6E0-F23C-4474-B6E0-68124272D71D}.Debug|iPhone.Deploy.0 = Debug|Any CPU
		{8B60F6E0-F23C-4474-B6E0-68124272D71D}.Debug|iPhoneSimulator.ActiveCfg = Debug|Any CPU
		{8B60F6E0-F23C-4474-B6E0-68124272D71D}.Debug|iPhoneSimulator.Build.0 = Debug|Any CPU
		{8B60F6E0-F23C-4474-B6E0-68124272D71D}.Debug|iPhoneSimulator.Deploy.0 = Debug|Any CPU
		{8B60F6E0-F23C-4474-B6E0-68124272D71D}.Debug|x64.ActiveCfg = Debug|Any CPU
		{8B60F6E0-F23C-4474-B6E0-68124272D71D}.Debug|x64.Build.0 = Debug|Any CPU
		{8B60F6E0-F23C-4474-B6E0-68124272D71D}.Debug|x64.Deploy.0 = Debug|Any CPU
		{8B60F6E0-F23C-4474-B6E0-68124272D71D}.Debug|x86.ActiveCfg = Debug|Any CPU
		{8B60F6E0-F23C-4474-B6E0-68124272D71D}.Debug|x86.Build.0 = Debug|Any CPU
		{8B60F6E0-F23C-4474-B6E0-68124272D71D}.Debug|x86.Deploy.0 = Debug|Any CPU
		{8B60F6E0-F23C-4474-B6E0-68124272D71D}.Release|Any CPU.ActiveCfg = Release|Any CPU
		{8B60F6E0-F23C-4474-B6E0-68124272D71D}.Release|Any CPU.Build.0 = Release|Any CPU
		{8B60F6E0-F23C-4474-B6E0-68124272D71D}.Release|Any CPU.Deploy.0 = Release|Any CPU
		{8B60F6E0-F23C-4474-B6E0-68124272D71D}.Release|ARM.ActiveCfg = Release|Any CPU
		{8B60F6E0-F23C-4474-B6E0-68124272D71D}.Release|ARM.Build.0 = Release|Any CPU
		{8B60F6E0-F23C-4474-B6E0-68124272D71D}.Release|ARM.Deploy.0 = Release|Any CPU
		{8B60F6E0-F23C-4474-B6E0-68124272D71D}.Release|iPhone.ActiveCfg = Release|Any CPU
		{8B60F6E0-F23C-4474-B6E0-68124272D71D}.Release|iPhone.Build.0 = Release|Any CPU
		{8B60F6E0-F23C-4474-B6E0-68124272D71D}.Release|iPhone.Deploy.0 = Release|Any CPU
		{8B60F6E0-F23C-4474-B6E0-68124272D71D}.Release|iPhoneSimulator.ActiveCfg = Release|Any CPU
		{8B60F6E0-F23C-4474-B6E0-68124272D71D}.Release|iPhoneSimulator.Build.0 = Release|Any CPU
		{8B60F6E0-F23C-4474-B6E0-68124272D71D}.Release|iPhoneSimulator.Deploy.0 = Release|Any CPU
		{8B60F6E0-F23C-4474-B6E0-68124272D71D}.Release|x64.ActiveCfg = Release|Any CPU
		{8B60F6E0-F23C-4474-B6E0-68124272D71D}.Release|x64.Build.0 = Release|Any CPU
		{8B60F6E0-F23C-4474-B6E0-68124272D71D}.Release|x64.Deploy.0 = Release|Any CPU
		{8B60F6E0-F23C-4474-B6E0-68124272D71D}.Release|x86.ActiveCfg = Release|Any CPU
		{8B60F6E0-F23C-4474-B6E0-68124272D71D}.Release|x86.Build.0 = Release|Any CPU
		{8B60F6E0-F23C-4474-B6E0-68124272D71D}.Release|x86.Deploy.0 = Release|Any CPU
		{911A5F8E-B4F1-4C17-B0CB-607E86CA6521}.Ad-Hoc|Any CPU.ActiveCfg = Ad-Hoc|iPhone
		{911A5F8E-B4F1-4C17-B0CB-607E86CA6521}.Ad-Hoc|ARM.ActiveCfg = Ad-Hoc|iPhone
		{911A5F8E-B4F1-4C17-B0CB-607E86CA6521}.Ad-Hoc|iPhone.ActiveCfg = Ad-Hoc|iPhone
		{911A5F8E-B4F1-4C17-B0CB-607E86CA6521}.Ad-Hoc|iPhone.Build.0 = Ad-Hoc|iPhone
		{911A5F8E-B4F1-4C17-B0CB-607E86CA6521}.Ad-Hoc|iPhoneSimulator.ActiveCfg = Ad-Hoc|iPhoneSimulator
		{911A5F8E-B4F1-4C17-B0CB-607E86CA6521}.Ad-Hoc|iPhoneSimulator.Build.0 = Ad-Hoc|iPhoneSimulator
		{911A5F8E-B4F1-4C17-B0CB-607E86CA6521}.Ad-Hoc|x64.ActiveCfg = Ad-Hoc|iPhone
		{911A5F8E-B4F1-4C17-B0CB-607E86CA6521}.Ad-Hoc|x86.ActiveCfg = Ad-Hoc|iPhone
		{911A5F8E-B4F1-4C17-B0CB-607E86CA6521}.AppStore|Any CPU.ActiveCfg = AppStore|iPhone
		{911A5F8E-B4F1-4C17-B0CB-607E86CA6521}.AppStore|ARM.ActiveCfg = AppStore|iPhone
		{911A5F8E-B4F1-4C17-B0CB-607E86CA6521}.AppStore|iPhone.ActiveCfg = AppStore|iPhone
		{911A5F8E-B4F1-4C17-B0CB-607E86CA6521}.AppStore|iPhone.Build.0 = AppStore|iPhone
		{911A5F8E-B4F1-4C17-B0CB-607E86CA6521}.AppStore|iPhoneSimulator.ActiveCfg = AppStore|iPhoneSimulator
		{911A5F8E-B4F1-4C17-B0CB-607E86CA6521}.AppStore|iPhoneSimulator.Build.0 = AppStore|iPhoneSimulator
		{911A5F8E-B4F1-4C17-B0CB-607E86CA6521}.AppStore|x64.ActiveCfg = AppStore|iPhone
		{911A5F8E-B4F1-4C17-B0CB-607E86CA6521}.AppStore|x86.ActiveCfg = AppStore|iPhone
		{911A5F8E-B4F1-4C17-B0CB-607E86CA6521}.Debug|Any CPU.ActiveCfg = Debug|iPhone
		{911A5F8E-B4F1-4C17-B0CB-607E86CA6521}.Debug|ARM.ActiveCfg = Debug|iPhone
		{911A5F8E-B4F1-4C17-B0CB-607E86CA6521}.Debug|iPhone.ActiveCfg = Debug|iPhone
		{911A5F8E-B4F1-4C17-B0CB-607E86CA6521}.Debug|iPhone.Build.0 = Debug|iPhone
		{911A5F8E-B4F1-4C17-B0CB-607E86CA6521}.Debug|iPhoneSimulator.ActiveCfg = Debug|iPhoneSimulator
		{911A5F8E-B4F1-4C17-B0CB-607E86CA6521}.Debug|iPhoneSimulator.Build.0 = Debug|iPhoneSimulator
		{911A5F8E-B4F1-4C17-B0CB-607E86CA6521}.Debug|x64.ActiveCfg = Debug|iPhone
		{911A5F8E-B4F1-4C17-B0CB-607E86CA6521}.Debug|x86.ActiveCfg = Debug|iPhone
		{911A5F8E-B4F1-4C17-B0CB-607E86CA6521}.Release|Any CPU.ActiveCfg = Release|iPhone
		{911A5F8E-B4F1-4C17-B0CB-607E86CA6521}.Release|ARM.ActiveCfg = Release|iPhone
		{911A5F8E-B4F1-4C17-B0CB-607E86CA6521}.Release|iPhone.ActiveCfg = Release|iPhone
		{911A5F8E-B4F1-4C17-B0CB-607E86CA6521}.Release|iPhone.Build.0 = Release|iPhone
		{911A5F8E-B4F1-4C17-B0CB-607E86CA6521}.Release|iPhoneSimulator.ActiveCfg = Release|iPhoneSimulator
		{911A5F8E-B4F1-4C17-B0CB-607E86CA6521}.Release|iPhoneSimulator.Build.0 = Release|iPhoneSimulator
		{911A5F8E-B4F1-4C17-B0CB-607E86CA6521}.Release|x64.ActiveCfg = Release|iPhone
		{911A5F8E-B4F1-4C17-B0CB-607E86CA6521}.Release|x86.ActiveCfg = Release|iPhone
		{8F2B2F59-205C-4C27-A8ED-ACBB4CCA6F50}.Ad-Hoc|Any CPU.ActiveCfg = Release|x86
		{8F2B2F59-205C-4C27-A8ED-ACBB4CCA6F50}.Ad-Hoc|Any CPU.Build.0 = Release|x86
		{8F2B2F59-205C-4C27-A8ED-ACBB4CCA6F50}.Ad-Hoc|Any CPU.Deploy.0 = Release|x86
		{8F2B2F59-205C-4C27-A8ED-ACBB4CCA6F50}.Ad-Hoc|ARM.ActiveCfg = Release|ARM
		{8F2B2F59-205C-4C27-A8ED-ACBB4CCA6F50}.Ad-Hoc|ARM.Build.0 = Release|ARM
		{8F2B2F59-205C-4C27-A8ED-ACBB4CCA6F50}.Ad-Hoc|ARM.Deploy.0 = Release|ARM
		{8F2B2F59-205C-4C27-A8ED-ACBB4CCA6F50}.Ad-Hoc|iPhone.ActiveCfg = Release|x86
		{8F2B2F59-205C-4C27-A8ED-ACBB4CCA6F50}.Ad-Hoc|iPhone.Build.0 = Release|x86
		{8F2B2F59-205C-4C27-A8ED-ACBB4CCA6F50}.Ad-Hoc|iPhone.Deploy.0 = Release|x86
		{8F2B2F59-205C-4C27-A8ED-ACBB4CCA6F50}.Ad-Hoc|iPhoneSimulator.ActiveCfg = Release|x86
		{8F2B2F59-205C-4C27-A8ED-ACBB4CCA6F50}.Ad-Hoc|iPhoneSimulator.Build.0 = Release|x86
		{8F2B2F59-205C-4C27-A8ED-ACBB4CCA6F50}.Ad-Hoc|iPhoneSimulator.Deploy.0 = Release|x86
		{8F2B2F59-205C-4C27-A8ED-ACBB4CCA6F50}.Ad-Hoc|x64.ActiveCfg = Release|x64
		{8F2B2F59-205C-4C27-A8ED-ACBB4CCA6F50}.Ad-Hoc|x64.Build.0 = Release|x64
		{8F2B2F59-205C-4C27-A8ED-ACBB4CCA6F50}.Ad-Hoc|x64.Deploy.0 = Release|x64
		{8F2B2F59-205C-4C27-A8ED-ACBB4CCA6F50}.Ad-Hoc|x86.ActiveCfg = Release|x86
		{8F2B2F59-205C-4C27-A8ED-ACBB4CCA6F50}.Ad-Hoc|x86.Build.0 = Release|x86
		{8F2B2F59-205C-4C27-A8ED-ACBB4CCA6F50}.Ad-Hoc|x86.Deploy.0 = Release|x86
		{8F2B2F59-205C-4C27-A8ED-ACBB4CCA6F50}.AppStore|Any CPU.ActiveCfg = Release|x86
		{8F2B2F59-205C-4C27-A8ED-ACBB4CCA6F50}.AppStore|Any CPU.Build.0 = Release|x86
		{8F2B2F59-205C-4C27-A8ED-ACBB4CCA6F50}.AppStore|Any CPU.Deploy.0 = Release|x86
		{8F2B2F59-205C-4C27-A8ED-ACBB4CCA6F50}.AppStore|ARM.ActiveCfg = Release|ARM
		{8F2B2F59-205C-4C27-A8ED-ACBB4CCA6F50}.AppStore|ARM.Build.0 = Release|ARM
		{8F2B2F59-205C-4C27-A8ED-ACBB4CCA6F50}.AppStore|ARM.Deploy.0 = Release|ARM
		{8F2B2F59-205C-4C27-A8ED-ACBB4CCA6F50}.AppStore|iPhone.ActiveCfg = Release|x86
		{8F2B2F59-205C-4C27-A8ED-ACBB4CCA6F50}.AppStore|iPhone.Build.0 = Release|x86
		{8F2B2F59-205C-4C27-A8ED-ACBB4CCA6F50}.AppStore|iPhone.Deploy.0 = Release|x86
		{8F2B2F59-205C-4C27-A8ED-ACBB4CCA6F50}.AppStore|iPhoneSimulator.ActiveCfg = Release|x86
		{8F2B2F59-205C-4C27-A8ED-ACBB4CCA6F50}.AppStore|iPhoneSimulator.Build.0 = Release|x86
		{8F2B2F59-205C-4C27-A8ED-ACBB4CCA6F50}.AppStore|iPhoneSimulator.Deploy.0 = Release|x86
		{8F2B2F59-205C-4C27-A8ED-ACBB4CCA6F50}.AppStore|x64.ActiveCfg = Release|x64
		{8F2B2F59-205C-4C27-A8ED-ACBB4CCA6F50}.AppStore|x64.Build.0 = Release|x64
		{8F2B2F59-205C-4C27-A8ED-ACBB4CCA6F50}.AppStore|x64.Deploy.0 = Release|x64
		{8F2B2F59-205C-4C27-A8ED-ACBB4CCA6F50}.AppStore|x86.ActiveCfg = Release|x86
		{8F2B2F59-205C-4C27-A8ED-ACBB4CCA6F50}.AppStore|x86.Build.0 = Release|x86
		{8F2B2F59-205C-4C27-A8ED-ACBB4CCA6F50}.AppStore|x86.Deploy.0 = Release|x86
		{8F2B2F59-205C-4C27-A8ED-ACBB4CCA6F50}.Debug|Any CPU.ActiveCfg = Debug|x86
		{8F2B2F59-205C-4C27-A8ED-ACBB4CCA6F50}.Debug|ARM.ActiveCfg = Debug|ARM
		{8F2B2F59-205C-4C27-A8ED-ACBB4CCA6F50}.Debug|ARM.Build.0 = Debug|ARM
		{8F2B2F59-205C-4C27-A8ED-ACBB4CCA6F50}.Debug|ARM.Deploy.0 = Debug|ARM
		{8F2B2F59-205C-4C27-A8ED-ACBB4CCA6F50}.Debug|iPhone.ActiveCfg = Debug|x86
		{8F2B2F59-205C-4C27-A8ED-ACBB4CCA6F50}.Debug|iPhoneSimulator.ActiveCfg = Debug|x86
		{8F2B2F59-205C-4C27-A8ED-ACBB4CCA6F50}.Debug|x64.ActiveCfg = Debug|x64
		{8F2B2F59-205C-4C27-A8ED-ACBB4CCA6F50}.Debug|x64.Build.0 = Debug|x64
		{8F2B2F59-205C-4C27-A8ED-ACBB4CCA6F50}.Debug|x64.Deploy.0 = Debug|x64
		{8F2B2F59-205C-4C27-A8ED-ACBB4CCA6F50}.Debug|x86.ActiveCfg = Debug|x86
		{8F2B2F59-205C-4C27-A8ED-ACBB4CCA6F50}.Debug|x86.Build.0 = Debug|x86
		{8F2B2F59-205C-4C27-A8ED-ACBB4CCA6F50}.Debug|x86.Deploy.0 = Debug|x86
		{8F2B2F59-205C-4C27-A8ED-ACBB4CCA6F50}.Release|Any CPU.ActiveCfg = Release|x86
		{8F2B2F59-205C-4C27-A8ED-ACBB4CCA6F50}.Release|ARM.ActiveCfg = Release|ARM
		{8F2B2F59-205C-4C27-A8ED-ACBB4CCA6F50}.Release|ARM.Build.0 = Release|ARM
		{8F2B2F59-205C-4C27-A8ED-ACBB4CCA6F50}.Release|ARM.Deploy.0 = Release|ARM
		{8F2B2F59-205C-4C27-A8ED-ACBB4CCA6F50}.Release|iPhone.ActiveCfg = Release|x86
		{8F2B2F59-205C-4C27-A8ED-ACBB4CCA6F50}.Release|iPhoneSimulator.ActiveCfg = Release|x86
		{8F2B2F59-205C-4C27-A8ED-ACBB4CCA6F50}.Release|x64.ActiveCfg = Release|x64
		{8F2B2F59-205C-4C27-A8ED-ACBB4CCA6F50}.Release|x64.Build.0 = Release|x64
		{8F2B2F59-205C-4C27-A8ED-ACBB4CCA6F50}.Release|x64.Deploy.0 = Release|x64
		{8F2B2F59-205C-4C27-A8ED-ACBB4CCA6F50}.Release|x86.ActiveCfg = Release|x86
		{8F2B2F59-205C-4C27-A8ED-ACBB4CCA6F50}.Release|x86.Build.0 = Release|x86
		{8F2B2F59-205C-4C27-A8ED-ACBB4CCA6F50}.Release|x86.Deploy.0 = Release|x86
	EndGlobalSection
	GlobalSection(SolutionProperties) = preSolution
		HideSolutionNode = FALSE
	EndGlobalSection
	GlobalSection(ExtensibilityGlobals) = postSolution
		SolutionGuid = {0197BBA0-E078-440A-AAAC-192BE315E841}
	EndGlobalSection
EndGlobal
